
Microsoft Visual Studio Solution File, Format Version 12.00
# Visual Studio Version 17
VisualStudioVersion = 17.14.37531.7 d17.14
MinimumVisualStudioVersion = 10.0.40219.1
Project("{FAE04EC0-301F-11D3-BF4B-00C04F79EFBC}") = "SanaPass_EBAAMS", "SanaPass_EBAAMS.csproj", "{FF837341-3286-45B3-8DE6-7B91AFB6BE9A}"
EndProject
Global
	GlobalSection(SolutionConfigurationPlatforms) = preSolution
		Debug|Any CPU = Debug|Any CPU
		Release|Any CPU = Release|Any CPU
	EndGlobalSection
	GlobalSection(ProjectConfigurationPlatforms) = postSolution
		{FF837341-3286-45B3-8DE6-7B91AFB6BE9A}.Debug|Any CPU.ActiveCfg = Debug|Any CPU
		{FF837341-3286-45B3-8DE6-7B91AFB6BE9A}.Debug|Any CPU.Build.0 = Debug|Any CPU
		{FF837341-3286-45B3-8DE6-7B91AFB6BE9A}.Release|Any CPU.ActiveCfg = Release|Any CPU
		{FF837341-3286-45B3-8DE6-7B91AFB6BE9A}.Release|Any CPU.Build.0 = Release|Any CPU
	EndGlobalSection
	GlobalSection(SolutionProperties) = preSolution
		HideSolutionNode = FALSE
	EndGlobalSection
	GlobalSection(ExtensibilityGlobals) = postSolution
		SolutionGuid = {09758F85-055F-4645-8F98-992F2296FF8D}
	EndGlobalSection
EndGlobal
